{
  "name": "merkle-sdk",
  "version": "1.0.0",
  "lockfileVersion": 3,
  "requires": true,
  "packages": {
    "": {
      "name": "merkle-sdk",
      "version": "1.0.0",
      "license": "MIT",
      "dependencies": {
        "typescript": "^5.0.4"
      },
      "devDependencies": {
        "@types/node": "^18.16.2"
      }
    },
    "node_modules/@types/node": {
      "version": "18.16.2",
      "resolved": "https://registry.npmjs.org/@types/node/-/node-18.16.2.tgz",
      "integrity": "sha512-GQW/JL/5Fz/0I8RpeBG9lKp0+aNcXEaVL71c0D2Q0QHDTFvlYKT7an0onCUXj85anv7b4/WesqdfchLc0jtsCg==",
      "dev": true
    },
    "node_modules/typescript": {
      "version": "5.0.4",
      "resolved": "https://registry.npmjs.org/typescript/-/typescript-5.0.4.tgz",
      "integrity": "sha512-cW9T5W9xY37cc+jfEnaUvX91foxtHkza3Nw3wkoF4sSlKn0MONdkdEndig/qPBWXNkmplh3NzayQzCiHM4/hqw==",
      "license": "Apache-2.0",
      "bin": {
        "tsc": "bin/tsc",
        "tsserver": "bin/tsserver"
      },
      "engines": {
        "node": ">=12.20"
      }
    }
  }
}
